// !$*UTF8*$!
{
	archiveVersion = 1;
	classes = {
	};
	objectVersion = 55;
	objects = {

/* Begin PBXBuildFile section */
		5856DF8927314D8500D76768 /* bamboo-watchOS WatchKit App.app in Embed Watch Content */ = {isa = PBXBuildFile; fileRef = 5856DF8827314D8500D76768 /* bamboo-watchOS WatchKit App.app */; settings = {ATTRIBUTES = (RemoveHeadersOnCopy, ); }; };
		5856DF8E27314D8700D76768 /* Assets.xcassets in Resources */ = {isa = PBXBuildFile; fileRef = 5856DF8D27314D8700D76768 /* Assets.xcassets */; };
		5856DF9427314D8700D76768 /* bamboo-watchOS WatchKit Extension.appex in Embed App Extensions */ = {isa = PBXBuildFile; fileRef = 5856DF9327314D8700D76768 /* bamboo-watchOS WatchKit Extension.appex */; settings = {ATTRIBUTES = (RemoveHeadersOnCopy, ); }; };
		5856DF9927314D8700D76768 /* bamboo_watchOSApp.swift in Sources */ = {isa = PBXBuildFile; fileRef = 5856DF9827314D8700D76768 /* bamboo_watchOSApp.swift */; };
		5856DF9B27314D8700D76768 /* ContentView.swift in Sources */ = {isa = PBXBuildFile; fileRef = 5856DF9A27314D8700D76768 /* ContentView.swift */; };
		5856DF9D27314D8700D76768 /* NotificationController.swift in Sources */ = {isa = PBXBuildFile; fileRef = 5856DF9C27314D8700D76768 /* NotificationController.swift */; };
		5856DF9F27314D8700D76768 /* NotificationView.swift in Sources */ = {isa = PBXBuildFile; fileRef = 5856DF9E27314D8700D76768 /* NotificationView.swift */; };
		5856DFA127314D8700D76768 /* ComplicationController.swift in Sources */ = {isa = PBXBuildFile; fileRef = 5856DFA027314D8700D76768 /* ComplicationController.swift */; };
		5856DFA327314D8800D76768 /* Assets.xcassets in Resources */ = {isa = PBXBuildFile; fileRef = 5856DFA227314D8800D76768 /* Assets.xcassets */; };
		5856DFA627314D8800D76768 /* Preview Assets.xcassets in Resources */ = {isa = PBXBuildFile; fileRef = 5856DFA527314D8800D76768 /* Preview Assets.xcassets */; };
/* End PBXBuildFile section */

/* Begin PBXContainerItemProxy section */
		5856DF8A27314D8500D76768 /* PBXContainerItemProxy */ = {
			isa = PBXContainerItemProxy;
			containerPortal = 5856DF7E27314D8500D76768 /* Project object */;
			proxyType = 1;
			remoteGlobalIDString = 5856DF8727314D8500D76768;
			remoteInfo = "bamboo-watchOS WatchKit App";
		};
		5856DF9527314D8700D76768 /* PBXContainerItemProxy */ = {
			isa = PBXContainerItemProxy;
			containerPortal = 5856DF7E27314D8500D76768 /* Project object */;
			proxyType = 1;
			remoteGlobalIDString = 5856DF9227314D8700D76768;
			remoteInfo = "bamboo-watchOS WatchKit Extension";
		};
/* End PBXContainerItemProxy section */

/* Begin PBXCopyFilesBuildPhase section */
		5856DFAE27314D8800D76768 /* Embed App Extensions */ = {
			isa = PBXCopyFilesBuildPhase;
			buildActionMask = 2147483647;
			dstPath = "";
			dstSubfolderSpec = 13;
			files = (
				5856DF9427314D8700D76768 /* bamboo-watchOS WatchKit Extension.appex in Embed App Extensions */,
			);
			name = "Embed App Extensions";
			runOnlyForDeploymentPostprocessing = 0;
		};
		5856DFB227314D8800D76768 /* Embed Watch Content */ = {
			isa = PBXCopyFilesBuildPhase;
			buildActionMask = 2147483647;
			dstPath = "$(CONTENTS_FOLDER_PATH)/Watch";
			dstSubfolderSpec = 16;
			files = (
				5856DF8927314D8500D76768 /* bamboo-watchOS WatchKit App.app in Embed Watch Content */,
			);
			name = "Embed Watch Content";
			runOnlyForDeploymentPostprocessing = 0;
		};
/* End PBXCopyFilesBuildPhase section */

/* Begin PBXFileReference section */
		5856DF8427314D8500D76768 /* bamboo-watchOS.app */ = {isa = PBXFileReference; explicitFileType = wrapper.application; includeInIndex = 0; path = "bamboo-watchOS.app"; sourceTree = BUILT_PRODUCTS_DIR; };
		5856DF8827314D8500D76768 /* bamboo-watchOS WatchKit App.app */ = {isa = PBXFileReference; explicitFileType = wrapper.application; includeInIndex = 0; path = "bamboo-watchOS WatchKit App.app"; sourceTree = BUILT_PRODUCTS_DIR; };
		5856DF8D27314D8700D76768 /* Assets.xcassets */ = {isa = PBXFileReference; lastKnownFileType = folder.assetcatalog; path = Assets.xcassets; sourceTree = "<group>"; };
		5856DF9327314D8700D76768 /* bamboo-watchOS WatchKit Extension.appex */ = {isa = PBXFileReference; explicitFileType = "wrapper.app-extension"; includeInIndex = 0; path = "bamboo-watchOS WatchKit Extension.appex"; sourceTree = BUILT_PRODUCTS_DIR; };
		5856DF9827314D8700D76768 /* bamboo_watchOSApp.swift */ = {isa = PBXFileReference; lastKnownFileType = sourcecode.swift; path = bamboo_watchOSApp.swift; sourceTree = "<group>"; };
		5856DF9A27314D8700D76768 /* ContentView.swift */ = {isa = PBXFileReference; lastKnownFileType = sourcecode.swift; path = ContentView.swift; sourceTree = "<group>"; };
		5856DF9C27314D8700D76768 /* NotificationController.swift */ = {isa = PBXFileReference; lastKnownFileType = sourcecode.swift; path = NotificationController.swift; sourceTree = "<group>"; };
		5856DF9E27314D8700D76768 /* NotificationView.swift */ = {isa = PBXFileReference; lastKnownFileType = sourcecode.swift; path = NotificationView.swift; sourceTree = "<group>"; };
		5856DFA027314D8700D76768 /* ComplicationController.swift */ = {isa = PBXFileReference; lastKnownFileType = sourcecode.swift; path = ComplicationController.swift; sourceTree = "<group>"; };
		5856DFA227314D8800D76768 /* Assets.xcassets */ = {isa = PBXFileReference; lastKnownFileType = folder.assetcatalog; path = Assets.xcassets; sourceTree = "<group>"; };
		5856DFA527314D8800D76768 /* Preview Assets.xcassets */ = {isa = PBXFileReference; lastKnownFileType = folder.assetcatalog; path = "Preview Assets.xcassets"; sourceTree = "<group>"; };
		5856DFA727314D8800D76768 /* Info.plist */ = {isa = PBXFileReference; lastKnownFileType = text.plist.xml; path = Info.plist; sourceTree = "<group>"; };
		5856DFA827314D8800D76768 /* PushNotificationPayload.apns */ = {isa = PBXFileReference; lastKnownFileType = text; path = PushNotificationPayload.apns; sourceTree = "<group>"; };
/* End PBXFileReference section */

/* Begin PBXFrameworksBuildPhase section */
		5856DF9027314D8700D76768 /* Frameworks */ = {
			isa = PBXFrameworksBuildPhase;
			buildActionMask = 2147483647;
			files = (
			);
			runOnlyForDeploymentPostprocessing = 0;
		};
/* End PBXFrameworksBuildPhase section */

/* Begin PBXGroup section */
		5856DF7D27314D8500D76768 = {
			isa = PBXGroup;
			children = (
				5856DF8C27314D8500D76768 /* bamboo-watchOS WatchKit App */,
				5856DF9727314D8700D76768 /* bamboo-watchOS WatchKit Extension */,
				5856DF8527314D8500D76768 /* Products */,
			);
			sourceTree = "<group>";
		};
		5856DF8527314D8500D76768 /* Products */ = {
			isa = PBXGroup;
			children = (
				5856DF8427314D8500D76768 /* bamboo-watchOS.app */,
				5856DF8827314D8500D76768 /* bamboo-watchOS WatchKit App.app */,
				5856DF9327314D8700D76768 /* bamboo-watchOS WatchKit Extension.appex */,
			);
			name = Products;
			sourceTree = "<group>";
		};
		5856DF8C27314D8500D76768 /* bamboo-watchOS WatchKit App */ = {
			isa = PBXGroup;
			children = (
				5856DF8D27314D8700D76768 /* Assets.xcassets */,
			);
			path = "bamboo-watchOS WatchKit App";
			sourceTree = "<group>";
		};
		5856DF9727314D8700D76768 /* bamboo-watchOS WatchKit Extension */ = {
			isa = PBXGroup;
			children = (
				5856DF9827314D8700D76768 /* bamboo_watchOSApp.swift */,
				5856DF9A27314D8700D76768 /* ContentView.swift */,
				5856DF9C27314D8700D76768 /* NotificationController.swift */,
				5856DF9E27314D8700D76768 /* NotificationView.swift */,
				5856DFA027314D8700D76768 /* ComplicationController.swift */,
				5856DFA227314D8800D76768 /* Assets.xcassets */,
				5856DFA727314D8800D76768 /* Info.plist */,
				5856DFA827314D8800D76768 /* PushNotificationPayload.apns */,
				5856DFA427314D8800D76768 /* Preview Content */,
			);
			path = "bamboo-watchOS WatchKit Extension";
			sourceTree = "<group>";
		};
		5856DFA427314D8800D76768 /* Preview Content */ = {
			isa = PBXGroup;
			children = (
				5856DFA527314D8800D76768 /* Preview Assets.xcassets */,
			);
			path = "Preview Content";
			sourceTree = "<group>";
		};
/* End PBXGroup section */

/* Begin PBXNativeTarget section */
		5856DF8327314D8500D76768 /* bamboo-watchOS */ = {
			isa = PBXNativeTarget;
			buildConfigurationList = 5856DFB327314D8800D76768 /* Build configuration list for PBXNativeTarget "bamboo-watchOS" */;
			buildPhases = (
				5856DF8227314D8500D76768 /* Resources */,
				5856DFB227314D8800D76768 /* Embed Watch Content */,
			);
			buildRules = (
			);
			dependencies = (
				5856DF8B27314D8500D76768 /* PBXTargetDependency */,
			);
			name = "bamboo-watchOS";
			productName = "bamboo-watchOS";
			productReference = 5856DF8427314D8500D76768 /* bamboo-watchOS.app */;
			productType = "com.apple.product-type.application.watchapp2-container";
		};
		5856DF8727314D8500D76768 /* bamboo-watchOS WatchKit App */ = {
			isa = PBXNativeTarget;
			buildConfigurationList = 5856DFAF27314D8800D76768 /* Build configuration list for PBXNativeTarget "bamboo-watchOS WatchKit App" */;
			buildPhases = (
				5856DF8627314D8500D76768 /* Resources */,
				5856DFAE27314D8800D76768 /* Embed App Extensions */,
			);
			buildRules = (
			);
			dependencies = (
				5856DF9627314D8700D76768 /* PBXTargetDependency */,
			);
			name = "bamboo-watchOS WatchKit App";
			productName = "bamboo-watchOS WatchKit App";
			productReference = 5856DF8827314D8500D76768 /* bamboo-watchOS WatchKit App.app */;
			productType = "com.apple.product-type.application.watchapp2";
		};
		5856DF9227314D8700D76768 /* bamboo-watchOS WatchKit Extension */ = {
			isa = PBXNativeTarget;
			buildConfigurationList = 5856DFAB27314D8800D76768 /* Build configuration list for PBXNativeTarget "bamboo-watchOS WatchKit Extension" */;
			buildPhases = (
				5856DF8F27314D8700D76768 /* Sources */,
				5856DF9027314D8700D76768 /* Frameworks */,
				5856DF9127314D8700D76768 /* Resources */,
			);
			buildRules = (
			);
			dependencies = (
			);
			name = "bamboo-watchOS WatchKit Extension";
			productName = "bamboo-watchOS WatchKit Extension";
			productReference = 5856DF9327314D8700D76768 /* bamboo-watchOS WatchKit Extension.appex */;
			productType = "com.apple.product-type.watchkit2-extension";
		};
/* End PBXNativeTarget section */

/* Begin PBXProject section */
		5856DF7E27314D8500D76768 /* Project object */ = {
			isa = PBXProject;
			attributes = {
				BuildIndependentTargetsInParallel = 1;
				LastSwiftUpdateCheck = 1310;
				LastUpgradeCheck = 1310;
				TargetAttributes = {
					5856DF8327314D8500D76768 = {
						CreatedOnToolsVersion = 13.1;
					};
					5856DF8727314D8500D76768 = {
						CreatedOnToolsVersion = 13.1;
					};
					5856DF9227314D8700D76768 = {
						CreatedOnToolsVersion = 13.1;
					};
				};
			};
			buildConfigurationList = 5856DF8127314D8500D76768 /* Build configuration list for PBXProject "bamboo-watchOS" */;
			compatibilityVersion = "Xcode 13.0";
			developmentRegion = en;
			hasScannedForEncodings = 0;
			knownRegions = (
				en,
				Base,
			);
			mainGroup = 5856DF7D27314D8500D76768;
			productRefGroup = 5856DF8527314D8500D76768 /* Products */;
			projectDirPath = "";
			projectRoot = "";
			targets = (
				5856DF8327314D8500D76768 /* bamboo-watchOS */,
				5856DF8727314D8500D76768 /* bamboo-watchOS WatchKit App */,
				5856DF9227314D8700D76768 /* bamboo-watchOS WatchKit Extension */,
			);
		};
/* End PBXProject section */

/* Begin PBXResourcesBuildPhase section */
		5856DF8227314D8500D76768 /* Resources */ = {
			isa = PBXResourcesBuildPhase;
			buildActionMask = 2147483647;
			files = (
			);
			runOnlyForDeploymentPostprocessing = 0;
		};
		5856DF8627314D8500D76768 /* Resources */ = {
			isa = PBXResourcesBuildPhase;
			buildActionMask = 2147483647;
			files = (
				5856DF8E27314D8700D76768 /* Assets.xcassets in Resources */,
			);
			runOnlyForDeploymentPostprocessing = 0;
		};
		5856DF9127314D8700D76768 /* Resources */ = {
			isa = PBXResourcesBuildPhase;
			buildActionMask = 2147483647;
			files = (
				5856DFA627314D8800D76768 /* Preview Assets.xcassets in Resources */,
				5856DFA327314D8800D76768 /* Assets.xcassets in Resources */,
			);
			runOnlyForDeploymentPostprocessing = 0;
		};
/* End PBXResourcesBuildPhase section */

/* Begin PBXSourcesBuildPhase section */
		5856DF8F27314D8700D76768 /* Sources */ = {
			isa = PBXSourcesBuildPhase;
			buildActionMask = 2147483647;
			files = (
				5856DF9D27314D8700D76768 /* NotificationController.swift in Sources */,
				5856DF9B27314D8700D76768 /* ContentView.swift in Sources */,
				5856DFA127314D8700D76768 /* ComplicationController.swift in Sources */,
				5856DF9927314D8700D76768 /* bamboo_watchOSApp.swift in Sources */,
				5856DF9F27314D8700D76768 /* NotificationView.swift in Sources */,
			);
			runOnlyForDeploymentPostprocessing = 0;
		};
/* End PBXSourcesBuildPhase section */

/* Begin PBXTargetDependency section */
		5856DF8B27314D8500D76768 /* PBXTargetDependency */ = {
			isa = PBXTargetDependency;
			target = 5856DF8727314D8500D76768 /* bamboo-watchOS WatchKit App */;
			targetProxy = 5856DF8A27314D8500D76768 /* PBXContainerItemProxy */;
		};
		5856DF9627314D8700D76768 /* PBXTargetDependency */ = {
			isa = PBXTargetDependency;
			target = 5856DF9227314D8700D76768 /* bamboo-watchOS WatchKit Extension */;
			targetProxy = 5856DF9527314D8700D76768 /* PBXContainerItemProxy */;
		};
/* End PBXTargetDependency section */

/* Begin XCBuildConfiguration section */
		5856DFA927314D8800D76768 /* Debug */ = {
			isa = XCBuildConfiguration;
			buildSettings = {
				ALWAYS_SEARCH_USER_PATHS = NO;
				CLANG_ANALYZER_NONNULL = YES;
				CLANG_ANALYZER_NUMBER_OBJECT_CONVERSION = YES_AGGRESSIVE;
				CLANG_CXX_LANGUAGE_STANDARD = "gnu++17";
				CLANG_CXX_LIBRARY = "libc++";
				CLANG_ENABLE_MODULES = YES;
				CLANG_ENABLE_OBJC_ARC = YES;
				CLANG_ENABLE_OBJC_WEAK = YES;
				CLANG_WARN_BLOCK_CAPTURE_AUTORELEASING = YES;
				CLANG_WARN_BOOL_CONVERSION = YES;
				CLANG_WARN_COMMA = YES;
				CLANG_WARN_CONSTANT_CONVERSION = YES;
				CLANG_WARN_DEPRECATED_OBJC_IMPLEMENTATIONS = YES;
				CLANG_WARN_DIRECT_OBJC_ISA_USAGE = YES_ERROR;
				CLANG_WARN_DOCUMENTATION_COMMENTS = YES;
				CLANG_WARN_EMPTY_BODY = YES;
				CLANG_WARN_ENUM_CONVERSION = YES;
				CLANG_WARN_INFINITE_RECURSION = YES;
				CLANG_WARN_INT_CONVERSION = YES;
				CLANG_WARN_NON_LITERAL_NULL_CONVERSION = YES;
				CLANG_WARN_OBJC_IMPLICIT_RETAIN_SELF = YES;
				CLANG_WARN_OBJC_LITERAL_CONVERSION = YES;
				CLANG_WARN_OBJC_ROOT_CLASS = YES_ERROR;
				CLANG_WARN_QUOTED_INCLUDE_IN_FRAMEWORK_HEADER = YES;
				CLANG_WARN_RANGE_LOOP_ANALYSIS = YES;
				CLANG_WARN_STRICT_PROTOTYPES = YES;
				CLANG_WARN_SUSPICIOUS_MOVE = YES;
				CLANG_WARN_UNGUARDED_AVAILABILITY = YES_AGGRESSIVE;
				CLANG_WARN_UNREACHABLE_CODE = YES;
				CLANG_WARN__DUPLICATE_METHOD_MATCH = YES;
				COPY_PHASE_STRIP = NO;
				DEBUG_INFORMATION_FORMAT = dwarf;
				ENABLE_STRICT_OBJC_MSGSEND = YES;
				ENABLE_TESTABILITY = YES;
				GCC_C_LANGUAGE_STANDARD = gnu11;
				GCC_DYNAMIC_NO_PIC = NO;
				GCC_NO_COMMON_BLOCKS = YES;
				GCC_OPTIMIZATION_LEVEL = 0;
				GCC_PREPROCESSOR_DEFINITIONS = (
					"DEBUG=1",
					"$(inherited)",
				);
				GCC_WARN_64_TO_32_BIT_CONVERSION = YES;
				GCC_WARN_ABOUT_RETURN_TYPE = YES_ERROR;
				GCC_WARN_UNDECLARED_SELECTOR = YES;
				GCC_WARN_UNINITIALIZED_AUTOS = YES_AGGRESSIVE;
				GCC_WARN_UNUSED_FUNCTION = YES;
				GCC_WARN_UNUSED_VARIABLE = YES;
				MTL_ENABLE_DEBUG_INFO = INCLUDE_SOURCE;
				MTL_FAST_MATH = YES;
				ONLY_ACTIVE_ARCH = YES;
				SDKROOT = iphoneos;
				SWIFT_ACTIVE_COMPILATION_CONDITIONS = DEBUG;
				SWIFT_OPTIMIZATION_LEVEL = "-Onone";
			};
			name = Debug;
		};
		5856DFAA27314D8800D76768 /* Release */ = {
			isa = XCBuildConfiguration;
			buildSettings = {
				ALWAYS_SEARCH_USER_PATHS = NO;
				CLANG_ANALYZER_NONNULL = YES;
				CLANG_ANALYZER_NUMBER_OBJECT_CONVERSION = YES_AGGRESSIVE;
				CLANG_CXX_LANGUAGE_STANDARD = "gnu++17";
				CLANG_CXX_LIBRARY = "libc++";
				CLANG_ENABLE_MODULES = YES;
				CLANG_ENABLE_OBJC_ARC = YES;
				CLANG_ENABLE_OBJC_WEAK = YES;
				CLANG_WARN_BLOCK_CAPTURE_AUTORELEASING = YES;
				CLANG_WARN_BOOL_CONVERSION = YES;
				CLANG_WARN_COMMA = YES;
				CLANG_WARN_CONSTANT_CONVERSION = YES;
				CLANG_WARN_DEPRECATED_OBJC_IMPLEMENTATIONS = YES;
				CLANG_WARN_DIRECT_OBJC_ISA_USAGE = YES_ERROR;
				CLANG_WARN_DOCUMENTATION_COMMENTS = YES;
				CLANG_WARN_EMPTY_BODY = YES;
				CLANG_WARN_ENUM_CONVERSION = YES;
				CLANG_WARN_INFINITE_RECURSION = YES;
				CLANG_WARN_INT_CONVERSION = YES;
				CLANG_WARN_NON_LITERAL_NULL_CONVERSION = YES;
				CLANG_WARN_OBJC_IMPLICIT_RETAIN_SELF = YES;
				CLANG_WARN_OBJC_LITERAL_CONVERSION = YES;
				CLANG_WARN_OBJC_ROOT_CLASS = YES_ERROR;
				CLANG_WARN_QUOTED_INCLUDE_IN_FRAMEWORK_HEADER = YES;
				CLANG_WARN_RANGE_LOOP_ANALYSIS = YES;
				CLANG_WARN_STRICT_PROTOTYPES = YES;
				CLANG_WARN_SUSPICIOUS_MOVE = YES;
				CLANG_WARN_UNGUARDED_AVAILABILITY = YES_AGGRESSIVE;
				CLANG_WARN_UNREACHABLE_CODE = YES;
				CLANG_WARN__DUPLICATE_METHOD_MATCH = YES;
				COPY_PHASE_STRIP = NO;
				DEBUG_INFORMATION_FORMAT = "dwarf-with-dsym";
				ENABLE_NS_ASSERTIONS = NO;
				ENABLE_STRICT_OBJC_MSGSEND = YES;
				GCC_C_LANGUAGE_STANDARD = gnu11;
				GCC_NO_COMMON_BLOCKS = YES;
				GCC_WARN_64_TO_32_BIT_CONVERSION = YES;
				GCC_WARN_ABOUT_RETURN_TYPE = YES_ERROR;
				GCC_WARN_UNDECLARED_SELECTOR = YES;
				GCC_WARN_UNINITIALIZED_AUTOS = YES_AGGRESSIVE;
				GCC_WARN_UNUSED_FUNCTION = YES;
				GCC_WARN_UNUSED_VARIABLE = YES;
				MTL_ENABLE_DEBUG_INFO = NO;
				MTL_FAST_MATH = YES;
				SDKROOT = iphoneos;
				SWIFT_COMPILATION_MODE = wholemodule;
				SWIFT_OPTIMIZATION_LEVEL = "-O";
				VALIDATE_PRODUCT = YES;
			};
			name = Release;
		};
		5856DFAC27314D8800D76768 /* Debug */ = {
			isa = XCBuildConfiguration;
			buildSettings = {
				ASSETCATALOG_COMPILER_COMPLICATION_NAME = Complication;
				CODE_SIGN_STYLE = Automatic;
				CURRENT_PROJECT_VERSION = 1;
				DEVELOPMENT_ASSET_PATHS = "\"bamboo-watchOS WatchKit Extension/Preview Content\"";
				DEVELOPMENT_TEAM = NHZ4S42QHM;
				ENABLE_PREVIEWS = YES;
				GENERATE_INFOPLIST_FILE = YES;
				INFOPLIST_FILE = "bamboo-watchOS WatchKit Extension/Info.plist";
				INFOPLIST_KEY_CFBundleDisplayName = "bamboo-watchOS WatchKit Extension";
				INFOPLIST_KEY_CLKComplicationPrincipalClass = "$(PRODUCT_MODULE_NAME).ComplicationController";
				INFOPLIST_KEY_NSHumanReadableCopyright = "";
				INFOPLIST_KEY_WKWatchOnly = YES;
				LD_RUNPATH_SEARCH_PATHS = (
					"$(inherited)",
					"@executable_path/Frameworks",
					"@executable_path/../../Frameworks",
				);
				MARKETING_VERSION = 1.0;
				PRODUCT_BUNDLE_IDENTIFIER = "bamboo.bamboo-watchOS.watchkitapp.watchkitextension";
				PRODUCT_NAME = "${TARGET_NAME}";
				SDKROOT = watchos;
				SKIP_INSTALL = YES;
				SWIFT_EMIT_LOC_STRINGS = YES;
				SWIFT_VERSION = 5.0;
				TARGETED_DEVICE_FAMILY = 4;
				WATCHOS_DEPLOYMENT_TARGET = 8.0;
			};
			name = Debug;
		};
		5856DFAD27314D8800D76768 /* Release */ = {
			isa = XCBuildConfiguration;
			buildSettings = {
				ASSETCATALOG_COMPILER_COMPLICATION_NAME = Complication;
				CODE_SIGN_STYLE = Automatic;
				CURRENT_PROJECT_VERSION = 1;
				DEVELOPMENT_ASSET_PATHS = "\"bamboo-watchOS WatchKit Extension/Preview Content\"";
				DEVELOPMENT_TEAM = NHZ4S42QHM;
				ENABLE_PREVIEWS = YES;
				GENERATE_INFOPLIST_FILE = YES;
				INFOPLIST_FILE = "bamboo-watchOS WatchKit Extension/Info.plist";
				INFOPLIST_KEY_CFBundleDisplayName = "bamboo-watchOS WatchKit Extension";
				INFOPLIST_KEY_CLKComplicationPrincipalClass = "$(PRODUCT_MODULE_NAME).ComplicationController";
				INFOPLIST_KEY_NSHumanReadableCopyright = "";
				INFOPLIST_KEY_WKWatchOnly = YES;
				LD_RUNPATH_SEARCH_PATHS = (
					"$(inherited)",
					"@executable_path/Frameworks",
					"@executable_path/../../Frameworks",
				);
				MARKETING_VERSION = 1.0;
				PRODUCT_BUNDLE_IDENTIFIER = "bamboo.bamboo-watchOS.watchkitapp.watchkitextension";
				PRODUCT_NAME = "${TARGET_NAME}";
				SDKROOT = watchos;
				SKIP_INSTALL = YES;
				SWIFT_EMIT_LOC_STRINGS = YES;
				SWIFT_VERSION = 5.0;
				TARGETED_DEVICE_FAMILY = 4;
				WATCHOS_DEPLOYMENT_TARGET = 8.0;
			};
			name = Release;
		};
		5856DFB027314D8800D76768 /* Debug */ = {
			isa = XCBuildConfiguration;
			buildSettings = {
				ALWAYS_EMBED_SWIFT_STANDARD_LIBRARIES = YES;
				ASSETCATALOG_COMPILER_APPICON_NAME = AppIcon;
				ASSETCATALOG_COMPILER_GLOBAL_ACCENT_COLOR_NAME = AccentColor;
				CODE_SIGN_STYLE = Automatic;
				CURRENT_PROJECT_VERSION = 1;
				DEVELOPMENT_TEAM = NHZ4S42QHM;
				GENERATE_INFOPLIST_FILE = YES;
				IBSC_MODULE = bamboo_watchOS_WatchKit_Extension;
				INFOPLIST_KEY_CFBundleDisplayName = "bamboo-watchOS WatchKit App";
				INFOPLIST_KEY_UISupportedInterfaceOrientations = "UIInterfaceOrientationPortrait UIInterfaceOrientationPortraitUpsideDown";
				MARKETING_VERSION = 1.0;
				PRODUCT_BUNDLE_IDENTIFIER = "bamboo.bamboo-watchOS.watchkitapp";
				PRODUCT_NAME = "$(TARGET_NAME)";
				SDKROOT = watchos;
				SKIP_INSTALL = YES;
				SWIFT_EMIT_LOC_STRINGS = YES;
				SWIFT_VERSION = 5.0;
				TARGETED_DEVICE_FAMILY = 4;
				WATCHOS_DEPLOYMENT_TARGET = 8.0;
			};
			name = Debug;
		};
		5856DFB127314D8800D76768 /* Release */ = {
			isa = XCBuildConfiguration;
			buildSettings = {
				ALWAYS_EMBED_SWIFT_STANDARD_LIBRARIES = YES;
				ASSETCATALOG_COMPILER_APPICON_NAME = AppIcon;
				ASSETCATALOG_COMPILER_GLOBAL_ACCENT_COLOR_NAME = AccentColor;
				CODE_SIGN_STYLE = Automatic;
				CURRENT_PROJECT_VERSION = 1;
				DEVELOPMENT_TEAM = NHZ4S42QHM;
				GENERATE_INFOPLIST_FILE = YES;
				IBSC_MODULE = bamboo_watchOS_WatchKit_Extension;
				INFOPLIST_KEY_CFBundleDisplayName = "bamboo-watchOS WatchKit App";
				INFOPLIST_KEY_UISupportedInterfaceOrientations = "UIInterfaceOrientationPortrait UIInterfaceOrientationPortraitUpsideDown";
				MARKETING_VERSION = 1.0;
				PRODUCT_BUNDLE_IDENTIFIER = "bamboo.bamboo-watchOS.watchkitapp";
				PRODUCT_NAME = "$(TARGET_NAME)";
				SDKROOT = watchos;
				SKIP_INSTALL = YES;
				SWIFT_EMIT_LOC_STRINGS = YES;
				SWIFT_VERSION = 5.0;
				TARGETED_DEVICE_FAMILY = 4;
				WATCHOS_DEPLOYMENT_TARGET = 8.0;
			};
			name = Release;
		};
		5856DFB427314D8800D76768 /* Debug */ = {
			isa = XCBuildConfiguration;
			buildSettings = {
				CODE_SIGN_STYLE = Automatic;
				CURRENT_PROJECT_VERSION = 1;
				DEVELOPMENT_TEAM = NHZ4S42QHM;
				MARKETING_VERSION = 1.0;
				PRODUCT_BUNDLE_IDENTIFIER = "bamboo.bamboo-watchOS";
				PRODUCT_NAME = "$(TARGET_NAME)";
				SWIFT_VERSION = 5.0;
			};
			name = Debug;
		};
		5856DFB527314D8800D76768 /* Release */ = {
			isa = XCBuildConfiguration;
			buildSettings = {
				CODE_SIGN_STYLE = Automatic;
				CURRENT_PROJECT_VERSION = 1;
				DEVELOPMENT_TEAM = NHZ4S42QHM;
				MARKETING_VERSION = 1.0;
				PRODUCT_BUNDLE_IDENTIFIER = "bamboo.bamboo-watchOS";
				PRODUCT_NAME = "$(TARGET_NAME)";
				SWIFT_VERSION = 5.0;
			};
			name = Release;
		};
/* End XCBuildConfiguration section */

/* Begin XCConfigurationList section */
		5856DF8127314D8500D76768 /* Build configuration list for PBXProject "bamboo-watchOS" */ = {
			isa = XCConfigurationList;
			buildConfigurations = (
				5856DFA927314D8800D76768 /* Debug */,
				5856DFAA27314D8800D76768 /* Release */,
			);
			defaultConfigurationIsVisible = 0;
			defaultConfigurationName = Release;
		};
		5856DFAB27314D8800D76768 /* Build configuration list for PBXNativeTarget "bamboo-watchOS WatchKit Extension" */ = {
			isa = XCConfigurationList;
			buildConfigurations = (
				5856DFAC27314D8800D76768 /* Debug */,
				5856DFAD27314D8800D76768 /* Release */,
			);
			defaultConfigurationIsVisible = 0;
			defaultConfigurationName = Release;
		};
		5856DFAF27314D8800D76768 /* Build configuration list for PBXNativeTarget "bamboo-watchOS WatchKit App" */ = {
			isa = XCConfigurationList;
			buildConfigurations = (
				5856DFB027314D8800D76768 /* Debug */,
				5856DFB127314D8800D76768 /* Release */,
			);
			defaultConfigurationIsVisible = 0;
			defaultConfigurationName = Release;
		};
		5856DFB327314D8800D76768 /* Build configuration list for PBXNativeTarget "bamboo-watchOS" */ = {
			isa = XCConfigurationList;
			buildConfigurations = (
				5856DFB427314D8800D76768 /* Debug */,
				5856DFB527314D8800D76768 /* Release */,
			);
			defaultConfigurationIsVisible = 0;
			defaultConfigurationName = Release;
		};
/* End XCConfigurationList section */
	};
	rootObject = 5856DF7E27314D8500D76768 /* Project object */;
}
